
Microsoft Visual Studio Solution File, Format Version 12.00
# Visual Studio 15
VisualStudioVersion = 15.0.27130.2027
MinimumVisualStudioVersion = 10.0.40219.1
Project("{FAE04EC0-301F-11D3-BF4B-00C04F79EFBC}") = "UdemyWebEğitimi.Crud", "UdemyWebEğitimi.Crud\UdemyWebEğitimi.Crud.csproj", "{7F5EBA3D-4670-4448-8478-A1AA9C2A703B}"
EndProject
Global
	GlobalSection(SolutionConfigurationPlatforms) = preSolution
		Debug|Any CPU = Debug|Any CPU
		Release|Any CPU = Release|Any CPU
	EndGlobalSection
	GlobalSection(ProjectConfigurationPlatforms) = postSolution
		{7F5EBA3D-4670-4448-8478-A1AA9C2A703B}.Debug|Any CPU.ActiveCfg = Debug|Any CPU
		{7F5EBA3D-4670-4448-8478-A1AA9C2A703B}.Debug|Any CPU.Build.0 = Debug|Any CPU
		{7F5EBA3D-4670-4448-8478-A1AA9C2A703B}.Release|Any CPU.ActiveCfg = Release|Any CPU
		{7F5EBA3D-4670-4448-8478-A1AA9C2A703B}.Release|Any CPU.Build.0 = Release|Any CPU
	EndGlobalSection
	GlobalSection(SolutionProperties) = preSolution
		HideSolutionNode = FALSE
	EndGlobalSection
	GlobalSection(ExtensibilityGlobals) = postSolution
		SolutionGuid = {4DEC6634-79BA-4F97-9BEE-C164F7D53E69}
	EndGlobalSection
EndGlobal
